
Microsoft Visual Studio Solution File, Format Version 12.00
# Visual Studio Version 16
VisualStudioVersion = 16.0.30907.101
MinimumVisualStudioVersion = 10.0.40219.1
Project("{9A19103F-16F7-4668-BE54-9A1E7A4F7556}") = "ParishManager", "ParishManager\ParishManager.csproj", "{09FC1943-9D52-4877-92BB-ADF3A848EDC0}"
EndProject
Project("{9A19103F-16F7-4668-BE54-9A1E7A4F7556}") = "ParishManager.Data", "ParishManager.Data\ParishManager.Data.csproj", "{7456F47A-E6D6-4E07-BE28-FDBFE5DAFCB8}"
EndProject
Project("{9A19103F-16F7-4668-BE54-9A1E7A4F7556}") = "ParishManager.Services", "ParishManager.Services\ParishManager.Services.csproj", "{819312BB-42F3-40DB-A7BD-AFABED94CF0C}"
EndProject
Project("{9A19103F-16F7-4668-BE54-9A1E7A4F7556}") = "ParishManager.Services.Test", "ParishManager.Services.Test\ParishManager.Services.Test.csproj", "{8CA8CF9C-7787-4F64-910A-237875F30DA3}"
EndProject
Global
	GlobalSection(SolutionConfigurationPlatforms) = preSolution
		Debug|Any CPU = Debug|Any CPU
		Release|Any CPU = Release|Any CPU
	EndGlobalSection
	GlobalSection(ProjectConfigurationPlatforms) = postSolution
		{09FC1943-9D52-4877-92BB-ADF3A848EDC0}.Debug|Any CPU.ActiveCfg = Debug|Any CPU
		{09FC1943-9D52-4877-92BB-ADF3A848EDC0}.Debug|Any CPU.Build.0 = Debug|Any CPU
		{09FC1943-9D52-4877-92BB-ADF3A848EDC0}.Release|Any CPU.ActiveCfg = Release|Any CPU
		{09FC1943-9D52-4877-92BB-ADF3A848EDC0}.Release|Any CPU.Build.0 = Release|Any CPU
		{7456F47A-E6D6-4E07-BE28-FDBFE5DAFCB8}.Debug|Any CPU.ActiveCfg = Debug|Any CPU
		{7456F47A-E6D6-4E07-BE28-FDBFE5DAFCB8}.Debug|Any CPU.Build.0 = Debug|Any CPU
		{7456F47A-E6D6-4E07-BE28-FDBFE5DAFCB8}.Release|Any CPU.ActiveCfg = Release|Any CPU
		{7456F47A-E6D6-4E07-BE28-FDBFE5DAFCB8}.Release|Any CPU.Build.0 = Release|Any CPU
		{819312BB-42F3-40DB-A7BD-AFABED94CF0C}.Debug|Any CPU.ActiveCfg = Debug|Any CPU
		{819312BB-42F3-40DB-A7BD-AFABED94CF0C}.Debug|Any CPU.Build.0 = Debug|Any CPU
		{819312BB-42F3-40DB-A7BD-AFABED94CF0C}.Release|Any CPU.ActiveCfg = Release|Any CPU
		{819312BB-42F3-40DB-A7BD-AFABED94CF0C}.Release|Any CPU.Build.0 = Release|Any CPU
		{8CA8CF9C-7787-4F64-910A-237875F30DA3}.Debug|Any CPU.ActiveCfg = Debug|Any CPU
		{8CA8CF9C-7787-4F64-910A-237875F30DA3}.Debug|Any CPU.Build.0 = Debug|Any CPU
		{8CA8CF9C-7787-4F64-910A-237875F30DA3}.Release|Any CPU.ActiveCfg = Release|Any CPU
		{8CA8CF9C-7787-4F64-910A-237875F30DA3}.Release|Any CPU.Build.0 = Release|Any CPU
	EndGlobalSection
	GlobalSection(SolutionProperties) = preSolution
		HideSolutionNode = FALSE
	EndGlobalSection
	GlobalSection(ExtensibilityGlobals) = postSolution
		SolutionGuid = {CEAFB056-A430-4B3D-BB94-5755042FF377}
	EndGlobalSection
EndGlobal
